{
  "name": "feature-list-transformer",
  "version": "0.1.0",
  "lockfileVersion": 1,
  "requires": true,
  "dependencies": {
    "ansi-regex": {
      "version": "2.1.1",
      "resolved": "https://registry.npmjs.org/ansi-regex/-/ansi-regex-2.1.1.tgz",
      "integrity": "sha1-w7M6te42DYbg5ijwRorn7yfWVN8=",
      "dev": true
    },
    "ansi-styles": {
      "version": "1.0.0",
      "resolved": "https://registry.npmjs.org/ansi-styles/-/ansi-styles-1.0.0.tgz",
      "integrity": "sha1-yxAt8cVvUSPquLZ817mAJ6AnkXg="
    },
    "argparse": {
      "version": "0.1.16",
      "resolved": "https://registry.npmjs.org/argparse/-/argparse-0.1.16.tgz",
      "integrity": "sha1-z9AeD7uj1srtBJ+9dY1A9lGW9Xw=",
      "dev": true,
      "requires": {
        "underscore": "1.7.0",
        "underscore.string": "2.4.0"
      }
    },
    "array-differ": {
      "version": "0.1.0",
      "resolved": "https://registry.npmjs.org/array-differ/-/array-differ-0.1.0.tgz",
      "integrity": "sha1-EuLJtwa+1HyLSDtX5IdHP7CGHzo=",
      "dev": true
    },
    "array-flatten": {
      "version": "2.1.1",
      "resolved": "https://registry.npmjs.org/array-flatten/-/array-flatten-2.1.1.tgz",
      "integrity": "sha1-Qmu52oQJDBg42BLIFQryCoMx4pY=",
      "dev": true
    },
    "array-slice": {
      "version": "0.2.3",
      "resolved": "https://registry.npmjs.org/array-slice/-/array-slice-0.2.3.tgz",
      "integrity": "sha1-3Tz7gO15c6dRF82sabC5nshhhvU=",
      "dev": true
    },
    "array-union": {
      "version": "0.1.0",
      "resolved": "https://registry.npmjs.org/array-union/-/array-union-0.1.0.tgz",
      "integrity": "sha1-7emAiDMGZeaZ4evwIny8YDTmJ9s=",
      "dev": true,
      "requires": {
        "array-uniq": "0.1.1"
      }
    },
    "array-uniq": {
      "version": "0.1.1",
      "resolved": "https://registry.npmjs.org/array-uniq/-/array-uniq-0.1.1.tgz",
      "integrity": "sha1-WGHz7U5LthdVl6TgeOiqeOvpWMc=",
      "dev": true
    },
    "arrayify-compact": {
      "version": "0.1.0",
      "resolved": "https://registry.npmjs.org/arrayify-compact/-/arrayify-compact-0.1.0.tgz",
      "integrity": "sha1-uG302tz8I2pKQE8CR5QLf3OzYT4=",
      "dev": true,
      "requires": {
        "array-flatten": "2.1.1"
      }
    },
    "async": {
      "version": "0.6.2",
      "resolved": "https://registry.npmjs.org/async/-/async-0.6.2.tgz",
      "integrity": "sha1-Qf0DijgSwKi8GELs8IumPrA5K+8=",
      "dev": true
    },
    "balanced-match": {
      "version": "1.0.0",
      "resolved": "https://registry.npmjs.org/balanced-match/-/balanced-match-1.0.0.tgz",
      "integrity": "sha1-ibTRmasr7kneFk6gK4nORi1xt2c=",
      "dev": true
    },
    "brace-expansion": {
      "version": "1.1.8",
      "resolved": "https://registry.npmjs.org/brace-expansion/-/brace-expansion-1.1.8.tgz",
      "integrity": "sha1-wHshHHyVLsH479Uad+8NHTmQopI=",
      "dev": true,
      "requires": {
        "balanced-match": "1.0.0",
        "concat-map": "0.0.1"
      }
    },
    "camel-case": {
      "version": "1.2.2",
      "resolved": "https://registry.npmjs.org/camel-case/-/camel-case-1.2.2.tgz",
      "integrity": "sha1-Gsp8TRlTWaLOmVV5NDPG5VQlEfI=",
      "dev": true,
      "requires": {
        "sentence-case": "1.1.3",
        "upper-case": "1.1.3"
      }
    },
    "chalk": {
      "version": "0.4.0",
      "resolved": "https://registry.npmjs.org/chalk/-/chalk-0.4.0.tgz",
      "integrity": "sha1-UZmj3c0MHv4jvAjBsCewYXbgxk8=",
      "requires": {
        "ansi-styles": "1.0.0",
        "has-color": "0.1.7",
        "strip-ansi": "0.1.1"
      }
    },
    "change-case": {
      "version": "2.3.1",
      "resolved": "https://registry.npmjs.org/change-case/-/change-case-2.3.1.tgz",
      "integrity": "sha1-LE/ePwY7tB0AzWjg1aCdthy+iU8=",
      "dev": true,
      "requires": {
        "camel-case": "1.2.2",
        "constant-case": "1.1.2",
        "dot-case": "1.1.2",
        "is-lower-case": "1.1.3",
        "is-upper-case": "1.1.2",
        "lower-case": "1.1.4",
        "lower-case-first": "1.0.2",
        "param-case": "1.1.2",
        "pascal-case": "1.1.2",
        "path-case": "1.1.2",
        "sentence-case": "1.1.3",
        "snake-case": "1.1.2",
        "swap-case": "1.1.2",
        "title-case": "1.1.2",
        "upper-case": "1.1.3",
        "upper-case-first": "1.1.2"
      }
    },
    "class-extend": {
      "version": "0.1.2",
      "resolved": "https://registry.npmjs.org/class-extend/-/class-extend-0.1.2.tgz",
      "integrity": "sha1-gFeoKwD1P4Kl1ixQ74z/3sb6vDQ=",
      "dev": true,
      "requires": {
        "object-assign": "2.1.1"
      }
    },
    "clone": {
      "version": "1.0.2",
      "resolved": "https://registry.npmjs.org/clone/-/clone-1.0.2.tgz",
      "integrity": "sha1-Jgt6meux7f4kdTgXX3gyQ8sZ0Uk=",
      "dev": true
    },
    "coffee-script": {
      "version": "1.12.7",
      "resolved": "https://registry.npmjs.org/coffee-script/-/coffee-script-1.12.7.tgz",
      "integrity": "sha512-fLeEhqwymYat/MpTPUjSKHVYYl0ec2mOyALEMLmzr5i1isuG+6jfI2j2d5oBO3VIzgUXgBVIcOT9uH1TFxBckw==",
      "dev": true
    },
    "columnify": {
      "version": "1.5.4",
      "resolved": "https://registry.npmjs.org/columnify/-/columnify-1.5.4.tgz",
      "integrity": "sha1-Rzfd8ce2mop8NAVweC6UfuyOeLs=",
      "dev": true,
      "requires": {
        "strip-ansi": "3.0.1",
        "wcwidth": "1.0.1"
      },
      "dependencies": {
        "strip-ansi": {
          "version": "3.0.1",
          "resolved": "https://registry.npmjs.org/strip-ansi/-/strip-ansi-3.0.1.tgz",
          "integrity": "sha1-ajhfuIU9lS1f8F0Oiq+UJ43GPc8=",
          "dev": true,
          "requires": {
            "ansi-regex": "2.1.1"
          }
        }
      }
    },
    "concat-map": {
      "version": "0.0.1",
      "resolved": "https://registry.npmjs.org/concat-map/-/concat-map-0.0.1.tgz",
      "integrity": "sha1-2Klr13/Wjfd5OnMDajug1UBdR3s=",
      "dev": true
    },
    "constant-case": {
      "version": "1.1.2",
      "resolved": "https://registry.npmjs.org/constant-case/-/constant-case-1.1.2.tgz",
      "integrity": "sha1-jsLKW6ND4Aqjjb9OIA/VrJB+/WM=",
      "dev": true,
      "requires": {
        "snake-case": "1.1.2",
        "upper-case": "1.1.3"
      }
    },
    "cwd": {
      "version": "0.3.7",
      "resolved": "https://registry.npmjs.org/cwd/-/cwd-0.3.7.tgz",
      "integrity": "sha1-+mq8GIlgdw9rE2+xmEBsjikfsoE=",
      "dev": true,
      "requires": {
        "findup-sync": "0.1.3",
        "normalize-path": "0.1.1"
      }
    },
    "defaults": {
      "version": "1.0.3",
      "resolved": "https://registry.npmjs.org/defaults/-/defaults-1.0.3.tgz",
      "integrity": "sha1-xlYFHpgX2f8I7YgUd/P+QBnz730=",
      "dev": true,
      "requires": {
        "clone": "1.0.2"
      }
    },
    "delete": {
      "version": "0.1.5",
      "resolved": "https://registry.npmjs.org/delete/-/delete-0.1.5.tgz",
      "integrity": "sha1-PuZXl/W+rXHILIUmVi1mQ3WdqcM=",
      "dev": true,
      "requires": {
        "is-path-cwd": "0.1.0",
        "is-path-in-cwd": "0.1.1",
        "rimraf": "2.2.8"
      }
    },
    "delims": {
      "version": "0.1.4",
      "resolved": "https://registry.npmjs.org/delims/-/delims-0.1.4.tgz",
      "integrity": "sha1-If6EbxakBWr4caZIYaHhYPGgQfc=",
      "dev": true,
      "requires": {
        "lodash": "2.4.2"
      }
    },
    "dot-case": {
      "version": "1.1.2",
      "resolved": "https://registry.npmjs.org/dot-case/-/dot-case-1.1.2.tgz",
      "integrity": "sha1-HnOCaQDeKNbeVIC8HeMdCEKwa+w=",
      "dev": true,
      "requires": {
        "sentence-case": "1.1.3"
      }
    },
    "esprima": {
      "version": "1.0.4",
      "resolved": "https://registry.npmjs.org/esprima/-/esprima-1.0.4.tgz",
      "integrity": "sha1-n1V+CPw7TSbs6d00+Pv0drYlha0=",
      "dev": true
    },
    "eventemitter2": {
      "version": "0.4.14",
      "resolved": "https://registry.npmjs.org/eventemitter2/-/eventemitter2-0.4.14.tgz",
      "integrity": "sha1-j2G3XN4BKy6esoTUVFWDtWQ7Yas=",
      "dev": true
    },
    "expand-hash": {
      "version": "0.2.2",
      "resolved": "https://registry.npmjs.org/expand-hash/-/expand-hash-0.2.2.tgz",
      "integrity": "sha1-MoFVrRqAQus3SYcIQ05Y8h0NSGA=",
      "dev": true,
      "requires": {
        "lodash": "2.4.2"
      }
    },
    "expander": {
      "version": "0.3.3",
      "resolved": "https://registry.npmjs.org/expander/-/expander-0.3.3.tgz",
      "integrity": "sha1-ose5zgR9sgl+K3zUMVwecBAn+xE=",
      "dev": true,
      "requires": {
        "getobject": "0.1.0",
        "lodash": "2.2.1"
      },
      "dependencies": {
        "lodash": {
          "version": "2.2.1",
          "resolved": "https://registry.npmjs.org/lodash/-/lodash-2.2.1.tgz",
          "integrity": "sha1-ypNf0UqzwMhyq6zxmLnNpQFECGc=",
          "dev": true
        }
      }
    },
    "extend-shallow": {
      "version": "0.1.1",
      "resolved": "https://registry.npmjs.org/extend-shallow/-/extend-shallow-0.1.1.tgz",
      "integrity": "sha1-kTwI20iH0yl9x2Lfi1gVdX9W3fM=",
      "dev": true,
      "requires": {
        "array-slice": "0.2.3"
      }
    },
    "find": {
      "version": "0.1.7",
      "resolved": "https://registry.npmjs.org/find/-/find-0.1.7.tgz",
      "integrity": "sha1-yGyHrxqxjyIrvjjeyGy8dg0Wpvs=",
      "dev": true,
      "requires": {
        "traverse-chain": "0.1.0"
      }
    },
    "findup-sync": {
      "version": "0.1.3",
      "resolved": "https://registry.npmjs.org/findup-sync/-/findup-sync-0.1.3.tgz",
      "integrity": "sha1-fz56l7gjksZTvwZYm9hRkOk8NoM=",
      "dev": true,
      "requires": {
        "glob": "3.2.11",
        "lodash": "2.4.2"
      }
    },
    "for-in": {
      "version": "1.0.2",
      "resolved": "https://registry.npmjs.org/for-in/-/for-in-1.0.2.tgz",
      "integrity": "sha1-gQaNKVqBQuwKxybG4iAMMPttXoA=",
      "dev": true
    },
    "for-own": {
      "version": "0.1.5",
      "resolved": "https://registry.npmjs.org/for-own/-/for-own-0.1.5.tgz",
      "integrity": "sha1-UmXGgaTylNq78XyVCbZ2OqhFEM4=",
      "dev": true,
      "requires": {
        "for-in": "1.0.2"
      }
    },
    "frep": {
      "version": "0.2.3",
      "resolved": "https://registry.npmjs.org/frep/-/frep-0.2.3.tgz",
      "integrity": "sha1-t1gPpl6mKhz46h73dB3ukqhFj3w=",
      "dev": true,
      "requires": {
        "replacements": "0.1.3"
      }
    },
    "fs-utils": {
      "version": "0.4.3",
      "resolved": "https://registry.npmjs.org/fs-utils/-/fs-utils-0.4.3.tgz",
      "integrity": "sha1-ZBdm/lQV0RZEHexkdpjBPWz5z3c=",
      "dev": true,
      "requires": {
        "async": "0.6.2",
        "globule": "0.2.0",
        "graceful-fs": "2.0.3",
        "js-yaml": "3.0.2",
        "lodash": "2.4.2",
        "mkdirp": "0.3.5",
        "rimraf": "2.2.8"
      }
    },
    "getobject": {
      "version": "0.1.0",
      "resolved": "https://registry.npmjs.org/getobject/-/getobject-0.1.0.tgz",
      "integrity": "sha1-BHpEl4n6Fg0Bj1SG7ZEyC27HiFw=",
      "dev": true
    },
    "glob": {
      "version": "3.2.11",
      "resolved": "https://registry.npmjs.org/glob/-/glob-3.2.11.tgz",
      "integrity": "sha1-Spc/Y1uRkPcV0QmH1cAP0oFevj0=",
      "dev": true,
      "requires": {
        "inherits": "2.0.3",
        "minimatch": "0.3.0"
      }
    },
    "globby": {
      "version": "0.1.1",
      "resolved": "https://registry.npmjs.org/globby/-/globby-0.1.1.tgz",
      "integrity": "sha1-y+xj33JLS+pFi3mhbMDjsfLKhiA=",
      "dev": true,
      "requires": {
        "array-differ": "0.1.0",
        "array-union": "0.1.0",
        "async": "0.9.2",
        "glob": "4.5.3"
      },
      "dependencies": {
        "async": {
          "version": "0.9.2",
          "resolved": "https://registry.npmjs.org/async/-/async-0.9.2.tgz",
          "integrity": "sha1-rqdNXmHB+JlhO/ZL2mbUx48v0X0=",
          "dev": true
        },
        "glob": {
          "version": "4.5.3",
          "resolved": "https://registry.npmjs.org/glob/-/glob-4.5.3.tgz",
          "integrity": "sha1-xstz0yJsHv7wTePFbQEvAzd+4V8=",
          "dev": true,
          "requires": {
            "inflight": "1.0.6",
            "inherits": "2.0.3",
            "minimatch": "2.0.10",
            "once": "1.4.0"
          }
        },
        "minimatch": {
          "version": "2.0.10",
          "resolved": "https://registry.npmjs.org/minimatch/-/minimatch-2.0.10.tgz",
          "integrity": "sha1-jQh8OcazjAAbl/ynzm0OHoCvusc=",
          "dev": true,
          "requires": {
            "brace-expansion": "1.1.8"
          }
        }
      }
    },
    "globule": {
      "version": "0.2.0",
      "resolved": "https://registry.npmjs.org/globule/-/globule-0.2.0.tgz",
      "integrity": "sha1-JrZNEOHtyrYJjY/gC9K3PMoIqPs=",
      "dev": true,
      "requires": {
        "glob": "3.2.11",
        "lodash": "2.4.2",
        "minimatch": "0.2.14"
      },
      "dependencies": {
        "minimatch": {
          "version": "0.2.14",
          "resolved": "https://registry.npmjs.org/minimatch/-/minimatch-0.2.14.tgz",
          "integrity": "sha1-x054BXT2PG+aCQ6Q775u9TpqdWo=",
          "dev": true,
          "requires": {
            "lru-cache": "2.7.3",
            "sigmund": "1.0.1"
          }
        }
      }
    },
    "graceful-fs": {
      "version": "2.0.3",
      "resolved": "https://registry.npmjs.org/graceful-fs/-/graceful-fs-2.0.3.tgz",
      "integrity": "sha1-fNLNsiiko/Nule+mzBQt59GhNtA=",
      "dev": true
    },
    "gray-matter": {
      "version": "0.4.2",
      "resolved": "https://registry.npmjs.org/gray-matter/-/gray-matter-0.4.2.tgz",
      "integrity": "sha1-I/GQrJhlycCtsE0xnMIw+rdZ1wg=",
      "dev": true,
      "requires": {
        "delims": "0.1.4",
        "fs-utils": "0.4.3",
        "js-yaml": "3.0.2",
        "lodash": "2.4.2",
        "verbalize": "0.1.2"
      }
    },
    "has-color": {
      "version": "0.1.7",
      "resolved": "https://registry.npmjs.org/has-color/-/has-color-0.1.7.tgz",
      "integrity": "sha1-ZxRKUmDDT8PMpnfQQdr1L+e3iy8="
    },
    "highlight.js": {
      "version": "8.0.0",
      "resolved": "https://registry.npmjs.org/highlight.js/-/highlight.js-8.0.0.tgz",
      "integrity": "sha1-uB21vo5vXFApxAtmtHMXDNPgh1o=",
      "dev": true
    },
    "inflight": {
      "version": "1.0.6",
      "resolved": "https://registry.npmjs.org/inflight/-/inflight-1.0.6.tgz",
      "integrity": "sha1-Sb1jMdfQLQwJvJEKEHW6gWW1bfk=",
      "dev": true,
      "requires": {
        "once": "1.4.0",
        "wrappy": "1.0.2"
      }
    },
    "inherits": {
      "version": "2.0.3",
      "resolved": "https://registry.npmjs.org/inherits/-/inherits-2.0.3.tgz",
      "integrity": "sha1-Yzwsg+PaQqUC9SRmAiSA9CCCYd4=",
      "dev": true
    },
    "ini": {
      "version": "1.1.0",
      "resolved": "https://registry.npmjs.org/ini/-/ini-1.1.0.tgz",
      "integrity": "sha1-ToCMLOFExsF4iRjgNNZ5e8bPYoE=",
      "dev": true
    },
    "is-absolute": {
      "version": "0.1.7",
      "resolved": "https://registry.npmjs.org/is-absolute/-/is-absolute-0.1.7.tgz",
      "integrity": "sha1-hHSREZ/MtftDYhfMc39/qtUPYD8=",
      "dev": true,
      "requires": {
        "is-relative": "0.1.3"
      }
    },
    "is-lower-case": {
      "version": "1.1.3",
      "resolved": "https://registry.npmjs.org/is-lower-case/-/is-lower-case-1.1.3.tgz",
      "integrity": "sha1-fhR75HaNxGbbO/shzGCzHmrWk5M=",
      "dev": true,
      "requires": {
        "lower-case": "1.1.4"
      }
    },
    "is-path-cwd": {
      "version": "0.1.0",
      "resolved": "https://registry.npmjs.org/is-path-cwd/-/is-path-cwd-0.1.0.tgz",
      "integrity": "sha1-3zwJp8qxC9QLnRzfrkhb2ILUsas=",
      "dev": true
    },
    "is-path-in-cwd": {
      "version": "0.1.1",
      "resolved": "https://registry.npmjs.org/is-path-in-cwd/-/is-path-in-cwd-0.1.1.tgz",
      "integrity": "sha1-qpHsieE9Y+PvxoR8rEzynJn5JGU=",
      "dev": true,
      "requires": {
        "is-path-inside": "0.1.0"
      }
    },
    "is-path-inside": {
      "version": "0.1.0",
      "resolved": "https://registry.npmjs.org/is-path-inside/-/is-path-inside-0.1.0.tgz",
      "integrity": "sha1-gKViXmnsiKzQ6+e8Buy4mhQ43pQ=",
      "dev": true,
      "requires": {
        "path-is-inside": "1.0.2"
      }
    },
    "is-plain-object": {
      "version": "0.1.0",
      "resolved": "https://registry.npmjs.org/is-plain-object/-/is-plain-object-0.1.0.tgz",
      "integrity": "sha1-PKfbAi3nL9EgB/GVe+tZ6llrl5w=",
      "dev": true
    },
    "is-relative": {
      "version": "0.1.3",
      "resolved": "https://registry.npmjs.org/is-relative/-/is-relative-0.1.3.tgz",
      "integrity": "sha1-kF/uiuhvRbPsYUvDwVyGnfCHboI=",
      "dev": true
    },
    "is-upper-case": {
      "version": "1.1.2",
      "resolved": "https://registry.npmjs.org/is-upper-case/-/is-upper-case-1.1.2.tgz",
      "integrity": "sha1-jQsfp+eTOh5YSDYA7H2WYcuvdW8=",
      "dev": true,
      "requires": {
        "upper-case": "1.1.3"
      }
    },
    "js-yaml": {
      "version": "3.0.2",
      "resolved": "https://registry.npmjs.org/js-yaml/-/js-yaml-3.0.2.tgz",
      "integrity": "sha1-mTeGX46Jel6JTnPCxc8uibMut3E=",
      "dev": true,
      "requires": {
        "argparse": "0.1.16",
        "esprima": "1.0.4"
      }
    },
    "kind-of": {
      "version": "0.1.2",
      "resolved": "https://registry.npmjs.org/kind-of/-/kind-of-0.1.2.tgz",
      "integrity": "sha1-B71gHMlDP115vV7dIDHtFV8GBKQ=",
      "dev": true
    },
    "load-pkg": {
      "version": "0.1.0",
      "resolved": "https://registry.npmjs.org/load-pkg/-/load-pkg-0.1.0.tgz",
      "integrity": "sha1-WRAGH8Ey5P37F7kqs3CFQwdenHs=",
      "dev": true,
      "requires": {
        "cwd": "0.3.7"
      }
    },
    "lodash": {
      "version": "2.4.2",
      "resolved": "https://registry.npmjs.org/lodash/-/lodash-2.4.2.tgz",
      "integrity": "sha1-+t2DS5aDBz2hebPq5tnA0VBT9z4=",
      "dev": true
    },
    "lower-case": {
      "version": "1.1.4",
      "resolved": "https://registry.npmjs.org/lower-case/-/lower-case-1.1.4.tgz",
      "integrity": "sha1-miyr0bno4K6ZOkv31YdcOcQujqw=",
      "dev": true
    },
    "lower-case-first": {
      "version": "1.0.2",
      "resolved": "https://registry.npmjs.org/lower-case-first/-/lower-case-first-1.0.2.tgz",
      "integrity": "sha1-5dp8JvKacHO+AtUrrJmA5ZIq36E=",
      "dev": true,
      "requires": {
        "lower-case": "1.1.4"
      }
    },
    "lru-cache": {
      "version": "2.7.3",
      "resolved": "https://registry.npmjs.org/lru-cache/-/lru-cache-2.7.3.tgz",
      "integrity": "sha1-bUUk6LlV+V1PW1iFHOId1y+06VI=",
      "dev": true
    },
    "marked": {
      "version": "0.3.0",
      "resolved": "https://registry.npmjs.org/marked/-/marked-0.3.0.tgz",
      "integrity": "sha1-X5N5GlU7LQc8EX7bxTdHhlzxQWg=",
      "dev": true
    },
    "marked-extras": {
      "version": "0.2.4",
      "resolved": "https://registry.npmjs.org/marked-extras/-/marked-extras-0.2.4.tgz",
      "integrity": "sha1-brAR2wK12FVEUBDIbo2M2xS3HOg=",
      "dev": true,
      "requires": {
        "highlight.js": "8.0.0",
        "lodash": "2.4.2",
        "marked": "0.3.0",
        "underscore.string": "2.3.3"
      },
      "dependencies": {
        "underscore.string": {
          "version": "2.3.3",
          "resolved": "https://registry.npmjs.org/underscore.string/-/underscore.string-2.3.3.tgz",
          "integrity": "sha1-ccCL9rQosRM/N+ePo6Icgvcymw0=",
          "dev": true
        }
      }
    },
    "marked-toc": {
      "version": "0.2.8",
      "resolved": "https://registry.npmjs.org/marked-toc/-/marked-toc-0.2.8.tgz",
      "integrity": "sha1-amY6aH5U5H4Dqy0FfbLWki7eHvQ=",
      "dev": true,
      "requires": {
        "fs-utils": "0.5.0",
        "gray-matter": "0.5.3",
        "lodash": "2.4.2",
        "marked": "0.3.0",
        "template": "0.1.8",
        "uslug": "1.0.4"
      },
      "dependencies": {
        "argparse": {
          "version": "1.0.9",
          "resolved": "https://registry.npmjs.org/argparse/-/argparse-1.0.9.tgz",
          "integrity": "sha1-c9g7wmP4bpf4zE9rrhsOkKfSLIY=",
          "dev": true,
          "requires": {
            "sprintf-js": "1.0.3"
          }
        },
        "async": {
          "version": "0.9.2",
          "resolved": "https://registry.npmjs.org/async/-/async-0.9.2.tgz",
          "integrity": "sha1-rqdNXmHB+JlhO/ZL2mbUx48v0X0=",
          "dev": true
        },
        "delims": {
          "version": "0.4.2",
          "resolved": "https://registry.npmjs.org/delims/-/delims-0.4.2.tgz",
          "integrity": "sha1-zn82yc9wmp4kT4OZeqkct0m0Uqg=",
          "dev": true,
          "requires": {
            "arrayify-compact": "0.1.0",
            "mixin-deep": "0.1.0",
            "object-pick": "0.1.2"
          }
        },
        "esprima": {
          "version": "4.0.0",
          "resolved": "https://registry.npmjs.org/esprima/-/esprima-4.0.0.tgz",
          "integrity": "sha512-oftTcaMu/EGrEIu904mWteKIv8vMuOgGYo7EhVJJN00R/EED9DCua/xxHRdYnKtcECzVg7xOWhflvJMnqcFZjw==",
          "dev": true
        },
        "fs-utils": {
          "version": "0.5.0",
          "resolved": "https://registry.npmjs.org/fs-utils/-/fs-utils-0.5.0.tgz",
          "integrity": "sha1-Fxu5hVAeyby2Yr9iyZFsmq3qziQ=",
          "dev": true,
          "requires": {
            "async": "0.9.2",
            "delete": "0.1.5",
            "extend-shallow": "0.1.1",
            "globby": "0.1.1",
            "graceful-fs": "3.0.11",
            "is-absolute": "0.1.7",
            "js-yaml": "3.10.0",
            "kind-of": "0.1.2",
            "relative": "0.1.6"
          }
        },
        "graceful-fs": {
          "version": "3.0.11",
          "resolved": "https://registry.npmjs.org/graceful-fs/-/graceful-fs-3.0.11.tgz",
          "integrity": "sha1-dhPHeKGv6mLyXGMKCG1/Osu92Bg=",
          "dev": true,
          "requires": {
            "natives": "1.1.0"
          }
        },
        "gray-matter": {
          "version": "0.5.3",
          "resolved": "https://registry.npmjs.org/gray-matter/-/gray-matter-0.5.3.tgz",
          "integrity": "sha1-dlUjO79v9mcWTk9lei5k3qDZrTs=",
          "dev": true,
          "requires": {
            "coffee-script": "1.12.7",
            "delims": "0.4.2",
            "js-yaml": "3.10.0",
            "lodash": "2.4.2",
            "mixin-deep": "0.1.0",
            "toml": "2.3.3",
            "verbalize": "0.1.2"
          }
        },
        "js-yaml": {
          "version": "3.10.0",
          "resolved": "https://registry.npmjs.org/js-yaml/-/js-yaml-3.10.0.tgz",
          "integrity": "sha512-O2v52ffjLa9VeM43J4XocZE//WT9N0IiwDa3KSHH7Tu8CtH+1qM8SIZvnsTh6v+4yFy5KUY3BHUVwjpfAWsjIA==",
          "dev": true,
          "requires": {
            "argparse": "1.0.9",
            "esprima": "4.0.0"
          }
        }
      }
    },
    "minimatch": {
      "version": "0.3.0",
      "resolved": "https://registry.npmjs.org/minimatch/-/minimatch-0.3.0.tgz",
      "integrity": "sha1-J12O2qxPG7MyZHIInnlJyDlGmd0=",
      "dev": true,
      "requires": {
        "lru-cache": "2.7.3",
        "sigmund": "1.0.1"
      }
    },
    "minimist": {
      "version": "0.0.10",
      "resolved": "https://registry.npmjs.org/minimist/-/minimist-0.0.10.tgz",
      "integrity": "sha1-3j+YVD2/lggr5IrRoMfNqDYwHc8="
    },
    "mixin-deep": {
      "version": "0.1.0",
      "resolved": "https://registry.npmjs.org/mixin-deep/-/mixin-deep-0.1.0.tgz",
      "integrity": "sha1-LMdddwl/MJ6dRu2THl1MA4SF+ag=",
      "dev": true,
      "requires": {
        "for-own": "0.1.5",
        "is-plain-object": "0.1.0"
      }
    },
    "mkdirp": {
      "version": "0.3.5",
      "resolved": "https://registry.npmjs.org/mkdirp/-/mkdirp-0.3.5.tgz",
      "integrity": "sha1-3j5fiWHIjHh+4TaN+EmsRBPsqNc=",
      "dev": true
    },
    "moment": {
      "version": "2.19.1",
      "resolved": "https://registry.npmjs.org/moment/-/moment-2.19.1.tgz",
      "integrity": "sha1-VtoaLRy/AdOLfhr8McELz6GSkWc=",
      "dev": true
    },
    "multimatch": {
      "version": "0.3.0",
      "resolved": "https://registry.npmjs.org/multimatch/-/multimatch-0.3.0.tgz",
      "integrity": "sha1-YD28P+MoHTOAlKHhuTqLXyvgONo=",
      "dev": true,
      "requires": {
        "array-differ": "0.1.0",
        "array-union": "0.1.0",
        "minimatch": "0.3.0"
      }
    },
    "namify": {
      "version": "0.1.3",
      "resolved": "https://registry.npmjs.org/namify/-/namify-0.1.3.tgz",
      "integrity": "sha1-+ouxTViTRDqDppfq0MRoZP9Bvfo=",
      "dev": true,
      "requires": {
        "reserved": "0.1.2"
      }
    },
    "natives": {
      "version": "1.1.0",
      "resolved": "https://registry.npmjs.org/natives/-/natives-1.1.0.tgz",
      "integrity": "sha1-6f+EFBimsux6SV6TmYT3jxY+bjE=",
      "dev": true
    },
    "normalize-path": {
      "version": "0.1.1",
      "resolved": "https://registry.npmjs.org/normalize-path/-/normalize-path-0.1.1.tgz",
      "integrity": "sha1-bHASSP25iW0f7hqmYg2nf+7U02c=",
      "dev": true
    },
    "object-assign": {
      "version": "2.1.1",
      "resolved": "https://registry.npmjs.org/object-assign/-/object-assign-2.1.1.tgz",
      "integrity": "sha1-Q8NuXVaf+OSBbE76i+AtJpZ8GKo=",
      "dev": true
    },
    "object-pick": {
      "version": "0.1.2",
      "resolved": "https://registry.npmjs.org/object-pick/-/object-pick-0.1.2.tgz",
      "integrity": "sha1-tTvnB1+LT/vy+LwoDXU/7hr+WAE=",
      "dev": true
    },
    "once": {
      "version": "1.4.0",
      "resolved": "https://registry.npmjs.org/once/-/once-1.4.0.tgz",
      "integrity": "sha1-WDsap3WWHUsROsF9nFC6753Xa9E=",
      "dev": true,
      "requires": {
        "wrappy": "1.0.2"
      }
    },
    "param-case": {
      "version": "1.1.2",
      "resolved": "https://registry.npmjs.org/param-case/-/param-case-1.1.2.tgz",
      "integrity": "sha1-3LCRpDwlm5Io8cNB57akTqC/l0M=",
      "dev": true,
      "requires": {
        "sentence-case": "1.1.3"
      }
    },
    "parse-authors": {
      "version": "0.1.1",
      "resolved": "https://registry.npmjs.org/parse-authors/-/parse-authors-0.1.1.tgz",
      "integrity": "sha1-sC7Fj/MGAuPw8oCW7RJnKZ5Th18=",
      "dev": true
    },
    "pascal-case": {
      "version": "1.1.2",
      "resolved": "https://registry.npmjs.org/pascal-case/-/pascal-case-1.1.2.tgz",
      "integrity": "sha1-Pl1kogBDgwp8STRMLXS0G+DJyZs=",
      "dev": true,
      "requires": {
        "camel-case": "1.2.2",
        "upper-case-first": "1.1.2"
      }
    },
    "path-case": {
      "version": "1.1.2",
      "resolved": "https://registry.npmjs.org/path-case/-/path-case-1.1.2.tgz",
      "integrity": "sha1-UM5roNO+090LXCqcRVNpdDRAlRQ=",
      "dev": true,
      "requires": {
        "sentence-case": "1.1.3"
      }
    },
    "path-is-inside": {
      "version": "1.0.2",
      "resolved": "https://registry.npmjs.org/path-is-inside/-/path-is-inside-1.0.2.tgz",
      "integrity": "sha1-NlQX3t5EQw0cEa9hAn+s8HS9/FM=",
      "dev": true
    },
    "plasma": {
      "version": "0.2.7",
      "resolved": "https://registry.npmjs.org/plasma/-/plasma-0.2.7.tgz",
      "integrity": "sha1-49W7iHg25Op9O9Oysrw2DadLnuE=",
      "dev": true,
      "requires": {
        "expand-hash": "0.2.2",
        "expander": "0.3.3",
        "frep": "0.2.3",
        "fs-utils": "0.4.3",
        "lodash": "2.4.2",
        "verbalize": "0.1.2"
      }
    },
    "regexp-special-chars": {
      "version": "0.1.0",
      "resolved": "https://registry.npmjs.org/regexp-special-chars/-/regexp-special-chars-0.1.0.tgz",
      "integrity": "sha1-4LiL1e3a7vYzlacju4qTSAEMvW0=",
      "dev": true
    },
    "relative": {
      "version": "0.1.6",
      "resolved": "https://registry.npmjs.org/relative/-/relative-0.1.6.tgz",
      "integrity": "sha1-rcNd7luNOvUkK7LmiJy8/nqZiGw=",
      "dev": true,
      "requires": {
        "normalize-path": "0.1.1"
      }
    },
    "remarked": {
      "version": "0.1.4",
      "resolved": "https://registry.npmjs.org/remarked/-/remarked-0.1.4.tgz",
      "integrity": "sha1-6TYDruSI8VOMolPFVxnncGceRV8=",
      "dev": true,
      "requires": {
        "regexp-special-chars": "0.1.0",
        "template": "0.2.1"
      },
      "dependencies": {
        "template": {
          "version": "0.2.1",
          "resolved": "https://registry.npmjs.org/template/-/template-0.2.1.tgz",
          "integrity": "sha1-bfb2wNpqj6kd4dU0382Ic8PhRqo=",
          "dev": true,
          "requires": {
            "delims": "0.1.4",
            "lodash": "2.4.2"
          }
        }
      }
    },
    "remote-origin-url": {
      "version": "0.2.1",
      "resolved": "https://registry.npmjs.org/remote-origin-url/-/remote-origin-url-0.2.1.tgz",
      "integrity": "sha1-v3LNODjMktnRYmcmIsxng2mpu6A=",
      "dev": true,
      "requires": {
        "chalk": "0.4.0",
        "findup-sync": "0.1.3",
        "ini": "1.1.0"
      }
    },
    "repeat-string": {
      "version": "0.1.2",
      "resolved": "https://registry.npmjs.org/repeat-string/-/repeat-string-0.1.2.tgz",
      "integrity": "sha1-06mfAfLBaamzjsVzyXr89QjZEig=",
      "dev": true
    },
    "replacements": {
      "version": "0.1.3",
      "resolved": "https://registry.npmjs.org/replacements/-/replacements-0.1.3.tgz",
      "integrity": "sha1-pBUbBBBYV9xYmCMAtfG59evgyR0=",
      "dev": true
    },
    "repo-licenses": {
      "version": "0.1.0",
      "resolved": "https://registry.npmjs.org/repo-licenses/-/repo-licenses-0.1.0.tgz",
      "integrity": "sha1-Dd74hluWPljMUPmwUdISSxnoRSA=",
      "dev": true,
      "requires": {
        "globule": "0.2.0"
      }
    },
    "repo-templates": {
      "version": "0.1.5",
      "resolved": "https://registry.npmjs.org/repo-templates/-/repo-templates-0.1.5.tgz",
      "integrity": "sha1-wLZIaRXzMtnfEwGC8njP0DzxXFE=",
      "dev": true,
      "requires": {
        "verb": "0.2.15"
      }
    },
    "reserved": {
      "version": "0.1.2",
      "resolved": "https://registry.npmjs.org/reserved/-/reserved-0.1.2.tgz",
      "integrity": "sha1-cHsSRqMmn3Vdp8/Pmvb0mDvvEFw=",
      "dev": true
    },
    "resolve": {
      "version": "0.6.3",
      "resolved": "https://registry.npmjs.org/resolve/-/resolve-0.6.3.tgz",
      "integrity": "sha1-3ZV5gufnNt699TtYpN2RdUV13UY=",
      "dev": true
    },
    "resolve-dep": {
      "version": "0.4.1",
      "resolved": "https://registry.npmjs.org/resolve-dep/-/resolve-dep-0.4.1.tgz",
      "integrity": "sha1-mveoetONtMsZIGzmGrKlvEDOSCw=",
      "dev": true,
      "requires": {
        "array-flatten": "0.0.2",
        "cwd": "0.3.7",
        "globby": "0.1.1",
        "load-pkg": "0.1.0",
        "multimatch": "0.3.0",
        "normalize-path": "0.1.1",
        "resolve": "0.6.3",
        "xtend": "3.0.0"
      },
      "dependencies": {
        "array-flatten": {
          "version": "0.0.2",
          "resolved": "https://registry.npmjs.org/array-flatten/-/array-flatten-0.0.2.tgz",
          "integrity": "sha1-UbLxRPNv1lb2J3QKH9CtV5ea1sI=",
          "dev": true
        }
      }
    },
    "rimraf": {
      "version": "2.2.8",
      "resolved": "https://registry.npmjs.org/rimraf/-/rimraf-2.2.8.tgz",
      "integrity": "sha1-5Dm+Kq7jJzIZUnMPmaiSnk/FBYI=",
      "dev": true
    },
    "scrawl": {
      "version": "0.0.5",
      "resolved": "https://registry.npmjs.org/scrawl/-/scrawl-0.0.5.tgz",
      "integrity": "sha1-EjtL95nhRZ8j0igZBqPdvMH5jaU=",
      "dev": true
    },
    "sentence-case": {
      "version": "1.1.3",
      "resolved": "https://registry.npmjs.org/sentence-case/-/sentence-case-1.1.3.tgz",
      "integrity": "sha1-gDSq/CFFdy06vhUJqkLJ4QQtwTk=",
      "dev": true,
      "requires": {
        "lower-case": "1.1.4"
      }
    },
    "sigmund": {
      "version": "1.0.1",
      "resolved": "https://registry.npmjs.org/sigmund/-/sigmund-1.0.1.tgz",
      "integrity": "sha1-P/IfGYytIXX587eBhT/ZTQ0ZtZA=",
      "dev": true
    },
    "snake-case": {
      "version": "1.1.2",
      "resolved": "https://registry.npmjs.org/snake-case/-/snake-case-1.1.2.tgz",
      "integrity": "sha1-DC8l4wUVjZoY09l3BmGH/vilpmo=",
      "dev": true,
      "requires": {
        "sentence-case": "1.1.3"
      }
    },
    "sprintf-js": {
      "version": "1.0.3",
      "resolved": "https://registry.npmjs.org/sprintf-js/-/sprintf-js-1.0.3.tgz",
      "integrity": "sha1-BOaSb2YolTVPPdAVIDYzuFcpfiw=",
      "dev": true
    },
    "strip-ansi": {
      "version": "0.1.1",
      "resolved": "https://registry.npmjs.org/strip-ansi/-/strip-ansi-0.1.1.tgz",
      "integrity": "sha1-OeipjQRNFQZgq+SmgIrPcLt7yZE="
    },
    "strip-banner": {
      "version": "0.1.1",
      "resolved": "https://registry.npmjs.org/strip-banner/-/strip-banner-0.1.1.tgz",
      "integrity": "sha1-5OMSGTbXBdPmaIAzey+c7PyD6sY=",
      "dev": true,
      "requires": {
        "strip-comments": "0.1.6"
      }
    },
    "strip-comments": {
      "version": "0.1.6",
      "resolved": "https://registry.npmjs.org/strip-comments/-/strip-comments-0.1.6.tgz",
      "integrity": "sha1-JnsGlX5gbzWHVAXL+wPK5pKrHhY=",
      "dev": true
    },
    "swap-case": {
      "version": "1.1.2",
      "resolved": "https://registry.npmjs.org/swap-case/-/swap-case-1.1.2.tgz",
      "integrity": "sha1-w5IDpFhzhfrTyFCgvRvK+ggZdOM=",
      "dev": true,
      "requires": {
        "lower-case": "1.1.4",
        "upper-case": "1.1.3"
      }
    },
    "template": {
      "version": "0.1.8",
      "resolved": "https://registry.npmjs.org/template/-/template-0.1.8.tgz",
      "integrity": "sha1-F8rA7noO/1jda48Y6msFoHEXT8I=",
      "dev": true,
      "requires": {
        "delims": "0.1.4",
        "fs-utils": "0.4.3",
        "lodash": "2.4.2",
        "underscore.string": "2.3.3"
      },
      "dependencies": {
        "underscore.string": {
          "version": "2.3.3",
          "resolved": "https://registry.npmjs.org/underscore.string/-/underscore.string-2.3.3.tgz",
          "integrity": "sha1-ccCL9rQosRM/N+ePo6Icgvcymw0=",
          "dev": true
        }
      }
    },
    "title-case": {
      "version": "1.1.2",
      "resolved": "https://registry.npmjs.org/title-case/-/title-case-1.1.2.tgz",
      "integrity": "sha1-+uSmrlRr+iLQg6DuqRCkDRLtT1o=",
      "dev": true,
      "requires": {
        "sentence-case": "1.1.3",
        "upper-case": "1.1.3"
      }
    },
    "toml": {
      "version": "2.3.3",
      "resolved": "https://registry.npmjs.org/toml/-/toml-2.3.3.tgz",
      "integrity": "sha512-O7L5hhSQHxuufWUdcTRPfuTh3phKfAZ/dqfxZFoxPCj2RYmpaSGLEIs016FCXItQwNr08yefUB5TSjzRYnajTA==",
      "dev": true
    },
    "traverse-chain": {
      "version": "0.1.0",
      "resolved": "https://registry.npmjs.org/traverse-chain/-/traverse-chain-0.1.0.tgz",
      "integrity": "sha1-YdvC1Ttp/2CRoSoWj9fUMxB+QPE=",
      "dev": true
    },
    "underscore": {
      "version": "1.7.0",
      "resolved": "https://registry.npmjs.org/underscore/-/underscore-1.7.0.tgz",
      "integrity": "sha1-a7rwh3UA02vjTsqlhODbn+8DUgk=",
      "dev": true
    },
    "underscore.string": {
      "version": "2.4.0",
      "resolved": "https://registry.npmjs.org/underscore.string/-/underscore.string-2.4.0.tgz",
      "integrity": "sha1-jN2PusTi0uoefi6Al8QvRCKA+Fs=",
      "dev": true
    },
    "unorm": {
      "version": "1.4.1",
      "resolved": "https://registry.npmjs.org/unorm/-/unorm-1.4.1.tgz",
      "integrity": "sha1-NkIA1fE2RsqLzURJAnEzVhR5IwA=",
      "dev": true
    },
    "upper-case": {
      "version": "1.1.3",
      "resolved": "https://registry.npmjs.org/upper-case/-/upper-case-1.1.3.tgz",
      "integrity": "sha1-9rRQHC7EzdJrp4vnIilh3ndiFZg=",
      "dev": true
    },
    "upper-case-first": {
      "version": "1.1.2",
      "resolved": "https://registry.npmjs.org/upper-case-first/-/upper-case-first-1.1.2.tgz",
      "integrity": "sha1-XXm+3P8UQZUY/S7bCgUHybaFkRU=",
      "dev": true,
      "requires": {
        "upper-case": "1.1.3"
      }
    },
    "uslug": {
      "version": "1.0.4",
      "resolved": "https://registry.npmjs.org/uslug/-/uslug-1.0.4.tgz",
      "integrity": "sha1-uaIvCRTgqGFAYz2swwLl9PpFBnc=",
      "dev": true,
      "requires": {
        "unorm": "1.4.1"
      }
    },
    "verb": {
      "version": "0.2.15",
      "resolved": "https://registry.npmjs.org/verb/-/verb-0.2.15.tgz",
      "integrity": "sha1-dexlORReMAsrsW8cQmjFVrmc4tc=",
      "dev": true,
      "requires": {
        "change-case": "2.3.1",
        "class-extend": "0.1.2",
        "columnify": "1.5.4",
        "cwd": "0.3.7",
        "delims": "0.1.4",
        "eventemitter2": "0.4.14",
        "expander": "0.3.3",
        "find": "0.1.7",
        "frep": "0.2.3",
        "fs-utils": "0.4.3",
        "getobject": "0.1.0",
        "gray-matter": "0.4.2",
        "lodash": "2.4.2",
        "marked-extras": "0.2.4",
        "marked-toc": "0.2.8",
        "minimatch": "0.3.0",
        "moment": "2.19.1",
        "namify": "0.1.3",
        "parse-authors": "0.1.1",
        "plasma": "0.2.7",
        "relative": "0.1.6",
        "remarked": "0.1.4",
        "remote-origin-url": "0.2.1",
        "repeat-string": "0.1.2",
        "repo-licenses": "0.1.0",
        "repo-templates": "0.1.5",
        "resolve-dep": "0.4.1",
        "scrawl": "0.0.5",
        "strip-banner": "0.1.1",
        "template": "0.1.8",
        "toml": "2.3.3",
        "verb-contrib-templates": "0.1.5",
        "verb-readme-badges": "0.1.2",
        "verb-readme-includes": "0.1.20",
        "verbalize": "0.1.2"
      }
    },
    "verb-contrib-templates": {
      "version": "0.1.5",
      "resolved": "https://registry.npmjs.org/verb-contrib-templates/-/verb-contrib-templates-0.1.5.tgz",
      "integrity": "sha1-yVER1No/CLU8/2o4ezWbFbmHYcI=",
      "dev": true
    },
    "verb-readme-badges": {
      "version": "0.1.2",
      "resolved": "https://registry.npmjs.org/verb-readme-badges/-/verb-readme-badges-0.1.2.tgz",
      "integrity": "sha1-zE3FD8u0HwOrsAgauAOkeec60Ro=",
      "dev": true
    },
    "verb-readme-includes": {
      "version": "0.1.20",
      "resolved": "https://registry.npmjs.org/verb-readme-includes/-/verb-readme-includes-0.1.20.tgz",
      "integrity": "sha1-vliAg1J4rMmMAixSBsmVx2DfX/A=",
      "dev": true
    },
    "verbalize": {
      "version": "0.1.2",
      "resolved": "https://registry.npmjs.org/verbalize/-/verbalize-0.1.2.tgz",
      "integrity": "sha1-Fl/aRkAzFUj46ZCx1+FDletyAgc=",
      "requires": {
        "chalk": "0.4.0"
      }
    },
    "wcwidth": {
      "version": "1.0.1",
      "resolved": "https://registry.npmjs.org/wcwidth/-/wcwidth-1.0.1.tgz",
      "integrity": "sha1-8LDc+RW8X/FSivrbLA4XtTLaL+g=",
      "dev": true,
      "requires": {
        "defaults": "1.0.3"
      }
    },
    "wrappy": {
      "version": "1.0.2",
      "resolved": "https://registry.npmjs.org/wrappy/-/wrappy-1.0.2.tgz",
      "integrity": "sha1-tSQ9jz7BqjXxNkYFvA0QNuMKtp8=",
      "dev": true
    },
    "xtend": {
      "version": "3.0.0",
      "resolved": "https://registry.npmjs.org/xtend/-/xtend-3.0.0.tgz",
      "integrity": "sha1-XM50B7r2Qsunvs2laBEcST9ZZlo=",
      "dev": true
    }
  }
}
